# This file is generated by running "yarn install" inside your project.
# Manual changes might be lost - proceed with caution!

__metadata:
  version: 6
  cacheKey: 8

"@thirdweb-dev/contracts@npm:^3":
  version: 3.8.3
  resolution: "@thirdweb-dev/contracts@npm:3.8.3"
  checksum: 5b7aa92bddb832d32ea64f407c5a21883c6af037823c19d79a7e53402f56618e15a359b4a35356c7a9aa433e5ec52e43dda94b9bc181d2a84148bc6cf57f80ac
  languageName: node
  linkType: hard

"forge-starter@workspace:.":
  version: 0.0.0-use.local
  resolution: "forge-starter@workspace:."
  dependencies:
    "@thirdweb-dev/contracts": ^3
  languageName: unknown
  linkType: soft
